
Microsoft Visual Studio Solution File, Format Version 12.00
# Visual Studio Version 17
VisualStudioVersion = 17.6.33829.357
MinimumVisualStudioVersion = 10.0.40219.1
Project("{FAE04EC0-301F-11D3-BF4B-00C04F79EFBC}") = "Url-Shorter", "Url-Shorter\Url-Shorter.csproj", "{F1993593-8329-46A3-AEB7-4C3F2763F5CF}"
EndProject
Global
	GlobalSection(SolutionConfigurationPlatforms) = preSolution
		Debug|Any CPU = Debug|Any CPU
		Release|Any CPU = Release|Any CPU
	EndGlobalSection
	GlobalSection(ProjectConfigurationPlatforms) = postSolution
		{F1993593-8329-46A3-AEB7-4C3F2763F5CF}.Debug|Any CPU.ActiveCfg = Debug|Any CPU
		{F1993593-8329-46A3-AEB7-4C3F2763F5CF}.Debug|Any CPU.Build.0 = Debug|Any CPU
		{F1993593-8329-46A3-AEB7-4C3F2763F5CF}.Release|Any CPU.ActiveCfg = Release|Any CPU
		{F1993593-8329-46A3-AEB7-4C3F2763F5CF}.Release|Any CPU.Build.0 = Release|Any CPU
	EndGlobalSection
	GlobalSection(SolutionProperties) = preSolution
		HideSolutionNode = FALSE
	EndGlobalSection
	GlobalSection(ExtensibilityGlobals) = postSolution
		SolutionGuid = {2D0368BE-5FF5-4B9B-B3F3-8E827D887317}
	EndGlobalSection
EndGlobal
